
Microsoft Visual Studio Solution File, Format Version 11.00
# Visual Studio 2010
Project("{FAE04EC0-301F-11D3-BF4B-00C04F79EFBC}") = "FSharp.Testing", "FSharp.Testing\FSharp.Testing.csproj", "{B3A7C08B-517C-47F2-8D3A-571733AC724A}"
EndProject
Project("{2150E333-8FDC-42A3-9474-1A3956D46DE8}") = "Specs", "Specs", "{F6CAC5B3-EF86-4367-B53B-8E414BA830BF}"
EndProject
Project("{FAE04EC0-301F-11D3-BF4B-00C04F79EFBC}") = "FSharp.Testing.Specs", "FSharp.Testing.Specs\FSharp.Testing.Specs.csproj", "{A02253F3-0B57-41B2-8AC6-0D78480762C0}"
EndProject
Project("{F2A71F9B-5D33-465A-A702-920D77279786}") = "FSharp.CodeSamples", "FSharp.CodeSamples\FSharp.CodeSamples.fsproj", "{2299F792-98ED-4EDA-A9E4-E95D2A378505}"
EndProject
Global
	GlobalSection(SolutionConfigurationPlatforms) = preSolution
		Debug|Any CPU = Debug|Any CPU
		Release|Any CPU = Release|Any CPU
	EndGlobalSection
	GlobalSection(ProjectConfigurationPlatforms) = postSolution
		{B3A7C08B-517C-47F2-8D3A-571733AC724A}.Debug|Any CPU.ActiveCfg = Debug|Any CPU
		{B3A7C08B-517C-47F2-8D3A-571733AC724A}.Debug|Any CPU.Build.0 = Debug|Any CPU
		{B3A7C08B-517C-47F2-8D3A-571733AC724A}.Release|Any CPU.ActiveCfg = Release|Any CPU
		{B3A7C08B-517C-47F2-8D3A-571733AC724A}.Release|Any CPU.Build.0 = Release|Any CPU
		{A02253F3-0B57-41B2-8AC6-0D78480762C0}.Debug|Any CPU.ActiveCfg = Debug|Any CPU
		{A02253F3-0B57-41B2-8AC6-0D78480762C0}.Debug|Any CPU.Build.0 = Debug|Any CPU
		{A02253F3-0B57-41B2-8AC6-0D78480762C0}.Release|Any CPU.ActiveCfg = Release|Any CPU
		{A02253F3-0B57-41B2-8AC6-0D78480762C0}.Release|Any CPU.Build.0 = Release|Any CPU
		{2299F792-98ED-4EDA-A9E4-E95D2A378505}.Debug|Any CPU.ActiveCfg = Debug|Any CPU
		{2299F792-98ED-4EDA-A9E4-E95D2A378505}.Debug|Any CPU.Build.0 = Debug|Any CPU
		{2299F792-98ED-4EDA-A9E4-E95D2A378505}.Release|Any CPU.ActiveCfg = Release|Any CPU
		{2299F792-98ED-4EDA-A9E4-E95D2A378505}.Release|Any CPU.Build.0 = Release|Any CPU
	EndGlobalSection
	GlobalSection(SolutionProperties) = preSolution
		HideSolutionNode = FALSE
	EndGlobalSection
	GlobalSection(NestedProjects) = preSolution
		{A02253F3-0B57-41B2-8AC6-0D78480762C0} = {F6CAC5B3-EF86-4367-B53B-8E414BA830BF}
		{2299F792-98ED-4EDA-A9E4-E95D2A378505} = {F6CAC5B3-EF86-4367-B53B-8E414BA830BF}
	EndGlobalSection
EndGlobal
